
Microsoft Visual Studio Solution File, Format Version 12.00
# Visual Studio 15
VisualStudioVersion = 15.0.26730.12
MinimumVisualStudioVersion = 10.0.40219.1
Project("{8BC9CEB8-8B4A-11D0-8D11-00A0C91BC942}") = "parsetreeProj2", "parsetreeProj2\parsetreeProj2.vcxproj", "{610FDFD5-2975-4C15-8F92-177D20676AAA}"
EndProject
Global
	GlobalSection(SolutionConfigurationPlatforms) = preSolution
		Debug|x64 = Debug|x64
		Debug|x86 = Debug|x86
		Release|x64 = Release|x64
		Release|x86 = Release|x86
	EndGlobalSection
	GlobalSection(ProjectConfigurationPlatforms) = postSolution
		{610FDFD5-2975-4C15-8F92-177D20676AAA}.Debug|x64.ActiveCfg = Debug|x64
		{610FDFD5-2975-4C15-8F92-177D20676AAA}.Debug|x64.Build.0 = Debug|x64
		{610FDFD5-2975-4C15-8F92-177D20676AAA}.Debug|x86.ActiveCfg = Debug|Win32
		{610FDFD5-2975-4C15-8F92-177D20676AAA}.Debug|x86.Build.0 = Debug|Win32
		{610FDFD5-2975-4C15-8F92-177D20676AAA}.Release|x64.ActiveCfg = Release|x64
		{610FDFD5-2975-4C15-8F92-177D20676AAA}.Release|x64.Build.0 = Release|x64
		{610FDFD5-2975-4C15-8F92-177D20676AAA}.Release|x86.ActiveCfg = Release|Win32
		{610FDFD5-2975-4C15-8F92-177D20676AAA}.Release|x86.Build.0 = Release|Win32
	EndGlobalSection
	GlobalSection(SolutionProperties) = preSolution
		HideSolutionNode = FALSE
	EndGlobalSection
	GlobalSection(ExtensibilityGlobals) = postSolution
		SolutionGuid = {9546F951-0791-43E0-B78F-6D8D2275205F}
	EndGlobalSection
EndGlobal
